{
  "nodes": {
    "nixpkgs": {
      "locked": {
        "lastModified": 1739624908,
        "narHash": "sha256-f84lBmLl4tkDp1ZU5LBTSFzlxXP4926DVW3KnXrke10=",
        "owner": "NixOS",
        "repo": "nixpkgs",
        "rev": "a60651b217d2e529729cbc7d989c19f3941b9250",
        "type": "github"
      },
      "original": {
        "owner": "NixOS",
        "ref": "nixos-24.11",
        "repo": "nixpkgs",
        "type": "github"
      }
    },
    "nixpkgs-old-grpc": {
      "locked": {
        "lastModified": 1664399772,
        "narHash": "sha256-s23M8BFq1P6cufzHT6yJY1fXnHLZVX1MyL3HCdTKdzc=",
        "owner": "NixOS",
        "repo": "nixpkgs",
        "rev": "d86e0e4f6c1375280a36252e61eeb3f8052e770b",
        "type": "github"
      },
      "original": {
        "owner": "NixOS",
        "repo": "nixpkgs",
        "rev": "d86e0e4f6c1375280a36252e61eeb3f8052e770b",
        "type": "github"
      }
    },
    "nixpkgs-old-wlroots": {
      "locked": {
        "lastModified": 1674396919,
        "narHash": "sha256-pnvdNBT+DBfy7sSlWSQoZkZ6q2M3ygao6Z3RKn1GlfI=",
        "owner": "NixOS",
        "repo": "nixpkgs",
        "rev": "a7034be1bbde519d1bf12bc11a5900f3166b11c1",
        "type": "github"
      },
      "original": {
        "owner": "NixOS",
        "repo": "nixpkgs",
        "rev": "a7034be1bbde519d1bf12bc11a5900f3166b11c1",
        "type": "github"
      }
    },
    "root": {
      "inputs": {
        "nixpkgs": "nixpkgs",
        "nixpkgs-old-grpc": "nixpkgs-old-grpc",
        "nixpkgs-old-wlroots": "nixpkgs-old-wlroots"
      }
    }
  },
  "root": "root",
  "version": 7
}
